
Microsoft Visual Studio Solution File, Format Version 12.00
# Visual Studio Version 17
VisualStudioVersion = 17.10.35122.118
MinimumVisualStudioVersion = 10.0.40219.1
Project("{FAE04EC0-301F-11D3-BF4B-00C04F79EFBC}") = "KANTEC", "KANTEC\KANTEC.csproj", "{5EFD9F5E-5956-4EC2-B7FF-8ABA51C73E52}"
EndProject
Global
	GlobalSection(SolutionConfigurationPlatforms) = preSolution
		Debug|Any CPU = Debug|Any CPU
		Release|Any CPU = Release|Any CPU
	EndGlobalSection
	GlobalSection(ProjectConfigurationPlatforms) = postSolution
		{5EFD9F5E-5956-4EC2-B7FF-8ABA51C73E52}.Debug|Any CPU.ActiveCfg = Debug|Any CPU
		{5EFD9F5E-5956-4EC2-B7FF-8ABA51C73E52}.Debug|Any CPU.Build.0 = Debug|Any CPU
		{5EFD9F5E-5956-4EC2-B7FF-8ABA51C73E52}.Release|Any CPU.ActiveCfg = Release|Any CPU
		{5EFD9F5E-5956-4EC2-B7FF-8ABA51C73E52}.Release|Any CPU.Build.0 = Release|Any CPU
	EndGlobalSection
	GlobalSection(SolutionProperties) = preSolution
		HideSolutionNode = FALSE
	EndGlobalSection
	GlobalSection(ExtensibilityGlobals) = postSolution
		SolutionGuid = {D42F43CE-6E04-465C-BCC3-42D8A8771C69}
	EndGlobalSection
EndGlobal
